
Microsoft Visual Studio Solution File, Format Version 12.00
# Visual Studio 15
# yennada ipadi panni vachiruka
VisualStudioVersion = 15.0.28307.1500
MinimumVisualStudioVersion = 10.0.40219.1
Project("{FAE04EC0-301F-11D3-BF4B-00C04F79EFBC}") = "Hello_World", "Hello_World\Hello_World.csproj", "{416AAA1C-9035-44CE-ADD3-3F2D101D0274}"
EndProject
Global
	GlobalSection(SolutionConfigurationPlatforms) = preSolution
		Debug|Any CPU = Debug|Any CPU
		Release|Any CPU = Release|Any CPU
	EndGlobalSection
	GlobalSection(ProjectConfigurationPlatforms) = postSolution
		{416AAA1C-9035-44CE-ADD3-3F2D101D0274}.Debug|Any CPU.ActiveCfg = Debug|Any CPU
		{416AAA1C-9035-44CE-ADD3-3F2D101D0274}.Debug|Any CPU.Build.0 = Debug|Any CPU
		{416AAA1C-9035-44CE-ADD3-3F2D101D0274}.Release|Any CPU.ActiveCfg = Release|Any CPU
		{416AAA1C-9035-44CE-ADD3-3F2D101D0274}.Release|Any CPU.Build.0 = Release|Any CPU
	EndGlobalSection
	GlobalSection(SolutionProperties) = preSolution
		HideSolutionNode = FALSE
	EndGlobalSection
	GlobalSection(ExtensibilityGlobals) = postSolution
		SolutionGuid = {938C5FAF-51A5-4F2E-97B9-A76CC0BD96AF}
	EndGlobalSection
EndGlobal
